
Microsoft Visual Studio Solution File, Format Version 12.00
# Visual Studio 2013
VisualStudioVersion = 12.0.30501.0
MinimumVisualStudioVersion = 10.0.40219.1
Project("{FAE04EC0-301F-11D3-BF4B-00C04F79EFBC}") = "YoseTheGame", "YoseTheGame\YoseTheGame.csproj", "{58D734FF-7C4F-4AE2-97A9-A05784243385}"
EndProject
Project("{FAE04EC0-301F-11D3-BF4B-00C04F79EFBC}") = "YoseTheGameTests", "YoseTheGameTests\YoseTheGameTests.csproj", "{DC14958B-0A33-4DD9-8183-3BCFBE83A286}"
EndProject
Global
	GlobalSection(SolutionConfigurationPlatforms) = preSolution
		Debug|Any CPU = Debug|Any CPU
		Release|Any CPU = Release|Any CPU
	EndGlobalSection
	GlobalSection(ProjectConfigurationPlatforms) = postSolution
		{58D734FF-7C4F-4AE2-97A9-A05784243385}.Debug|Any CPU.ActiveCfg = Debug|Any CPU
		{58D734FF-7C4F-4AE2-97A9-A05784243385}.Debug|Any CPU.Build.0 = Debug|Any CPU
		{58D734FF-7C4F-4AE2-97A9-A05784243385}.Release|Any CPU.ActiveCfg = Release|Any CPU
		{58D734FF-7C4F-4AE2-97A9-A05784243385}.Release|Any CPU.Build.0 = Release|Any CPU
		{DC14958B-0A33-4DD9-8183-3BCFBE83A286}.Debug|Any CPU.ActiveCfg = Debug|Any CPU
		{DC14958B-0A33-4DD9-8183-3BCFBE83A286}.Debug|Any CPU.Build.0 = Debug|Any CPU
		{DC14958B-0A33-4DD9-8183-3BCFBE83A286}.Release|Any CPU.ActiveCfg = Release|Any CPU
		{DC14958B-0A33-4DD9-8183-3BCFBE83A286}.Release|Any CPU.Build.0 = Release|Any CPU
	EndGlobalSection
	GlobalSection(SolutionProperties) = preSolution
		HideSolutionNode = FALSE
	EndGlobalSection
EndGlobal
